# Generated runtime lock inputs for Python 3.12.
# Direct roots are slither-analyzer and jsonschema; transitive runtime inputs
# are pinned here so CI does not resolve a different audit toolchain.
aiohappyeyeballs==2.6.1
aiohttp==3.13.5
aiosignal==1.4.0
annotated-types==0.7.0
attrs==26.1.0
bitarray==3.8.1
cbor2==6.1.4
certifi==2026.2.25
charset-normalizer==3.4.7
ckzg==2.1.7
crytic-compile==0.4.2
cytoolz==1.1.0
eth-abi==5.2.0
eth-account==0.13.7
eth-hash==0.8.0
eth-keyfile==0.8.1
eth-keys==0.7.0
eth-rlp==2.2.0
eth-typing==6.0.0
eth-utils==6.0.0
frozenlist==1.8.0
hexbytes==1.3.1
idna==3.11
jsonschema==4.25.1
jsonschema-specifications==2025.9.1
multidict==6.7.1
packaging==26.3
parsimonious==0.10.0
prettytable==3.18.0
propcache==0.4.1
pycryptodome==3.23.0
pydantic==2.13.2
pydantic-core==2.46.2
pyunormalize==17.0.0
referencing==0.37.0
regex==2026.4.4
requests==2.33.1
rlp==4.1.0
rpds-py==2026.6.3
slither-analyzer==0.11.6
solc-select==1.2.0
toolz==1.1.0
types-requests==2.33.0.20260408
typing-extensions==4.15.0
typing-inspection==0.4.2
urllib3==2.6.3
wcwidth==0.8.3
web3==7.15.0
websockets==15.0.1
yarl==1.23.0
